
Microsoft Visual Studio Solution File, Format Version 12.00
# Visual Studio Version 17
VisualStudioVersion = 17.4.33213.308
MinimumVisualStudioVersion = 10.0.40219.1
Project("{888888A0-9F3D-457C-B088-3A5042F75D52}") = "FlaskWebProject1", "FlaskWebProject1\FlaskWebProject1.pyproj", "{5C8ACD5A-1452-4A68-B8FE-0126FB0D8425}"
EndProject
Global
	GlobalSection(SolutionConfigurationPlatforms) = preSolution
		Debug|Any CPU = Debug|Any CPU
		Release|Any CPU = Release|Any CPU
	EndGlobalSection
	GlobalSection(ProjectConfigurationPlatforms) = postSolution
		{5C8ACD5A-1452-4A68-B8FE-0126FB0D8425}.Debug|Any CPU.ActiveCfg = Debug|Any CPU
		{5C8ACD5A-1452-4A68-B8FE-0126FB0D8425}.Debug|Any CPU.Build.0 = Debug|Any CPU
		{5C8ACD5A-1452-4A68-B8FE-0126FB0D8425}.Release|Any CPU.ActiveCfg = Release|Any CPU
		{5C8ACD5A-1452-4A68-B8FE-0126FB0D8425}.Release|Any CPU.Build.0 = Release|Any CPU
	EndGlobalSection
	GlobalSection(SolutionProperties) = preSolution
		HideSolutionNode = FALSE
	EndGlobalSection
	GlobalSection(ExtensibilityGlobals) = postSolution
		SolutionGuid = {3EA4F901-7EE5-4E75-80D4-DF653471CD22}
	EndGlobalSection
EndGlobal
